---

-
  "https://secure.software/npm/packages/mcp-knowledge-base/0.0.2?__hstc=60854195.d77144ed969e9c1b645bb7162e87d187.1758662334324.1758662334324.1758664367478.2&amp;__hssc=60854195.1.1758664367478&amp;__hsfp=1592468853"
  "https://secure.software/npm/packages/html-to-base64-image/1.0.2?__hstc=60854195.d77144ed969e9c1b645bb7162e87d187.1758662334324.1758662334324.1758664367478.2&amp;__hssc=60854195.1.1758664367478&amp;__hsfp=1592468853"
  "https://secure.software/npm/packages/encounter-playground/0.0.4?__hstc=60854195.d77144ed969e9c1b645bb7162e87d187.1758662334324.1758662334324.1758664367478.2&amp;__hssc=60854195.1.1758664367478&amp;__hsfp=1592468853"
  "https://secure.software/npm/packages/encounter-playground/0.0.3?__hstc=60854195.d77144ed969e9c1b645bb7162e87d187.1758662334324.1758662334324.1758664367478.2&amp;__hssc=60854195.1.1758664367478&amp;__hsfp=1592468853"
  "https://secure.software/npm/packages/@ctrl/shared-torrent/6.3.2?__hstc=60854195.d77144ed969e9c1b645bb7162e87d187.1758662334324.1758662334324.1758664367478.2&amp;__hssc=60854195.1.1758664367478&amp;__hsfp=1592468853"
  "https://secure.software/npm/packages/@nativescript-community/ui-material-core-tabs/7.2.76?__hstc=60854195.d77144ed969e9c1b645bb7162e87d187.1758662334324.1758662334324.1758664367478.2&amp;__hssc=60854195.1.1758664367478&amp;__hsfp=1592468853"
